{
  "name": "happydomain-website",
  "lockfileVersion": 3,
  "requires": true,
  "packages": {
    "": {
      "name": "happydomain-website",
      "dependencies": {
        "@fontsource-variable/hanken-grotesk": "^5.2.8",
        "@fontsource-variable/jetbrains-mono": "^5.2.8",
        "@fontsource-variable/quicksand": "^5.2.10",
        "bootstrap": "^5.3.0",
        "bootstrap-icons": "^1.13.0"
      }
    },
    "node_modules/@fontsource-variable/hanken-grotesk": {
      "version": "5.2.8",
      "resolved": "https://registry.npmjs.org/@fontsource-variable/hanken-grotesk/-/hanken-grotesk-5.2.8.tgz",
      "integrity": "sha512-K7hu09ZKReBc7EifRLeM4K94NZBrxFEg0nGcISmVwlFQOJo4EmYkLXTWEwr5JcNW4z2hr5zy8vLS2sxC8JDmrQ==",
      "license": "OFL-1.1",
      "funding": {
        "url": "https://github.com/sponsors/ayuhito"
      }
    },
    "node_modules/@fontsource-variable/jetbrains-mono": {
      "version": "5.2.8",
      "resolved": "https://registry.npmjs.org/@fontsource-variable/jetbrains-mono/-/jetbrains-mono-5.2.8.tgz",
      "integrity": "sha512-WBA9elru6Jdp5df2mES55wuOO0WIrn3kpXnI4+W2ek5u3ZgLS9XS4gmIlcQhiZOWEKl95meYdvK7xI+ETLCq/Q==",
      "license": "OFL-1.1",
      "funding": {
        "url": "https://github.com/sponsors/ayuhito"
      }
    },
    "node_modules/@fontsource-variable/quicksand": {
      "version": "5.2.10",
      "resolved": "https://registry.npmjs.org/@fontsource-variable/quicksand/-/quicksand-5.2.10.tgz",
      "integrity": "sha512-1uzkzGDwWgtFnxquAXuD7fZV9wHkALb49UPzRXxGTVeeLsNrGnIU0O/pcz6m1U7RDtpHz2qx77JhCpKaq7FrUg==",
      "license": "OFL-1.1",
      "funding": {
        "url": "https://github.com/sponsors/ayuhito"
      }
    },
    "node_modules/@popperjs/core": {
      "version": "2.11.8",
      "resolved": "https://registry.npmjs.org/@popperjs/core/-/core-2.11.8.tgz",
      "integrity": "sha512-P1st0aksCrn9sGZhp8GMYwBnQsbvAWsZAX44oXNNvLHGqAOcoVxmjZiohstwQ7SqKnbR47akdNi+uleWD8+g6A==",
      "license": "MIT",
      "peer": true,
      "funding": {
        "type": "opencollective",
        "url": "https://opencollective.com/popperjs"
      }
    },
    "node_modules/bootstrap": {
      "version": "5.3.8",
      "resolved": "https://registry.npmjs.org/bootstrap/-/bootstrap-5.3.8.tgz",
      "integrity": "sha512-HP1SZDqaLDPwsNiqRqi5NcP0SSXciX2s9E+RyqJIIqGo+vJeN5AJVM98CXmW/Wux0nQ5L7jeWUdplCEf0Ee+tg==",
      "funding": [
        {
          "type": "github",
          "url": "https://github.com/sponsors/twbs"
        },
        {
          "type": "opencollective",
          "url": "https://opencollective.com/bootstrap"
        }
      ],
      "license": "MIT",
      "peerDependencies": {
        "@popperjs/core": "^2.11.8"
      }
    },
    "node_modules/bootstrap-icons": {
      "version": "1.13.1",
      "resolved": "https://registry.npmjs.org/bootstrap-icons/-/bootstrap-icons-1.13.1.tgz",
      "integrity": "sha512-ijombt4v6bv5CLeXvRWKy7CuM3TRTuPEuGaGKvTV5cz65rQSY8RQ2JcHt6b90cBBAC7s8fsf2EkQDldzCoXUjw==",
      "funding": [
        {
          "type": "github",
          "url": "https://github.com/sponsors/twbs"
        },
        {
          "type": "opencollective",
          "url": "https://opencollective.com/bootstrap"
        }
      ],
      "license": "MIT"
    }
  }
}
